
Microsoft Visual Studio Solution File, Format Version 12.00
Project("{2150E333-8FDC-42A3-9474-1A3956D46DE8}") = "Solution Items", "Solution Items", "{2BD4170C-11C4-4C20-936D-3766B9CF4AD4}"
	ProjectSection(SolutionItems) = preProject
		docker-compose.yml = docker-compose.yml
	EndProjectSection
EndProject
Project("{2150E333-8FDC-42A3-9474-1A3956D46DE8}") = "_", "_", "{CB1BDBA8-3FE7-4E3E-81A5-7D4C44BFBBB6}"
EndProject
Project("{2150E333-8FDC-42A3-9474-1A3956D46DE8}") = "tests", "tests", "{0EE3094F-F3F1-4CD3-BF3F-99118EF7F541}"
EndProject
Project("{2150E333-8FDC-42A3-9474-1A3956D46DE8}") = "src", "src", "{F57F9917-61DA-450A-9ABA-DB6B1E34040F}"
EndProject
Project("{FAE04EC0-301F-11D3-BF4B-00C04F79EFBC}") = "IPChecker.Domain", "IPChecker.Domain\IPChecker.Domain.csproj", "{E4193E6A-9260-45F3-A28C-8C216A889DE8}"
EndProject
Project("{FAE04EC0-301F-11D3-BF4B-00C04F79EFBC}") = "IPChecker.BatchApi", "IPChecker.BatchApi\IPChecker.BatchApi.csproj", "{5FB3AB1E-E67A-45C2-A8CC-72ECCC9BCB93}"
EndProject
Project("{FAE04EC0-301F-11D3-BF4B-00C04F79EFBC}") = "IPChecker.CacheApi", "IPChecker.CacheApi\IPChecker.CacheApi.csproj", "{9CAD52FD-944A-45C0-8E5A-3A295200C5F8}"
EndProject
Project("{FAE04EC0-301F-11D3-BF4B-00C04F79EFBC}") = "IPChecker.LookupApi", "IPChecker.LookupApi\IPChecker.LookupApi.csproj", "{A2A3AB20-5D25-40FA-ABC8-8CCFECD7CD50}"
EndProject
Global
	GlobalSection(SolutionConfigurationPlatforms) = preSolution
		Debug|Any CPU = Debug|Any CPU
		Release|Any CPU = Release|Any CPU
	EndGlobalSection
	GlobalSection(ProjectConfigurationPlatforms) = postSolution
		{E4193E6A-9260-45F3-A28C-8C216A889DE8}.Debug|Any CPU.ActiveCfg = Debug|Any CPU
		{E4193E6A-9260-45F3-A28C-8C216A889DE8}.Debug|Any CPU.Build.0 = Debug|Any CPU
		{E4193E6A-9260-45F3-A28C-8C216A889DE8}.Release|Any CPU.ActiveCfg = Release|Any CPU
		{E4193E6A-9260-45F3-A28C-8C216A889DE8}.Release|Any CPU.Build.0 = Release|Any CPU
		{5FB3AB1E-E67A-45C2-A8CC-72ECCC9BCB93}.Debug|Any CPU.ActiveCfg = Debug|Any CPU
		{5FB3AB1E-E67A-45C2-A8CC-72ECCC9BCB93}.Debug|Any CPU.Build.0 = Debug|Any CPU
		{5FB3AB1E-E67A-45C2-A8CC-72ECCC9BCB93}.Release|Any CPU.ActiveCfg = Release|Any CPU
		{5FB3AB1E-E67A-45C2-A8CC-72ECCC9BCB93}.Release|Any CPU.Build.0 = Release|Any CPU
		{9CAD52FD-944A-45C0-8E5A-3A295200C5F8}.Debug|Any CPU.ActiveCfg = Debug|Any CPU
		{9CAD52FD-944A-45C0-8E5A-3A295200C5F8}.Debug|Any CPU.Build.0 = Debug|Any CPU
		{9CAD52FD-944A-45C0-8E5A-3A295200C5F8}.Release|Any CPU.ActiveCfg = Release|Any CPU
		{9CAD52FD-944A-45C0-8E5A-3A295200C5F8}.Release|Any CPU.Build.0 = Release|Any CPU
		{A2A3AB20-5D25-40FA-ABC8-8CCFECD7CD50}.Debug|Any CPU.ActiveCfg = Debug|Any CPU
		{A2A3AB20-5D25-40FA-ABC8-8CCFECD7CD50}.Debug|Any CPU.Build.0 = Debug|Any CPU
		{A2A3AB20-5D25-40FA-ABC8-8CCFECD7CD50}.Release|Any CPU.ActiveCfg = Release|Any CPU
		{A2A3AB20-5D25-40FA-ABC8-8CCFECD7CD50}.Release|Any CPU.Build.0 = Release|Any CPU
	EndGlobalSection
	GlobalSection(NestedProjects) = preSolution
		{0EE3094F-F3F1-4CD3-BF3F-99118EF7F541} = {CB1BDBA8-3FE7-4E3E-81A5-7D4C44BFBBB6}
		{F57F9917-61DA-450A-9ABA-DB6B1E34040F} = {CB1BDBA8-3FE7-4E3E-81A5-7D4C44BFBBB6}
		{E4193E6A-9260-45F3-A28C-8C216A889DE8} = {F57F9917-61DA-450A-9ABA-DB6B1E34040F}
		{5FB3AB1E-E67A-45C2-A8CC-72ECCC9BCB93} = {F57F9917-61DA-450A-9ABA-DB6B1E34040F}
		{9CAD52FD-944A-45C0-8E5A-3A295200C5F8} = {F57F9917-61DA-450A-9ABA-DB6B1E34040F}
		{A2A3AB20-5D25-40FA-ABC8-8CCFECD7CD50} = {F57F9917-61DA-450A-9ABA-DB6B1E34040F}
	EndGlobalSection
EndGlobal
